
Microsoft Visual Studio Solution File, Format Version 12.00
# Visual Studio Version 16
VisualStudioVersion = 16.0.29519.181
MinimumVisualStudioVersion = 10.0.40219.1
Project("{FAE04EC0-301F-11D3-BF4B-00C04F79EFBC}") = "EHR_AddIn", "EHR_AddIn\EHR_AddIn.csproj", "{EFBA7059-4D48-4CAB-B397-890FD062FA19}"
EndProject
Global
	GlobalSection(SolutionConfigurationPlatforms) = preSolution
		Debug|Any CPU = Debug|Any CPU
		Release|Any CPU = Release|Any CPU
	EndGlobalSection
	GlobalSection(ProjectConfigurationPlatforms) = postSolution
		{EFBA7059-4D48-4CAB-B397-890FD062FA19}.Debug|Any CPU.ActiveCfg = Debug|Any CPU
		{EFBA7059-4D48-4CAB-B397-890FD062FA19}.Debug|Any CPU.Build.0 = Debug|Any CPU
		{EFBA7059-4D48-4CAB-B397-890FD062FA19}.Release|Any CPU.ActiveCfg = Release|Any CPU
		{EFBA7059-4D48-4CAB-B397-890FD062FA19}.Release|Any CPU.Build.0 = Release|Any CPU
	EndGlobalSection
	GlobalSection(SolutionProperties) = preSolution
		HideSolutionNode = FALSE
	EndGlobalSection
	GlobalSection(ExtensibilityGlobals) = postSolution
		SolutionGuid = {37CDA6CC-1C2C-406B-8F6D-EFD330FD0084}
	EndGlobalSection
EndGlobal
